// !$*UTF8*$!
{
	archiveVersion = 1;
	classes = {
	};
	objectVersion = 56;
	objects = {

/* Begin PBXBuildFile section */
		53392B952A19FD3D006755A4 /* ProfileViewModel.swift in Sources */ = {isa = PBXBuildFile; fileRef = 53392B942A19FD3D006755A4 /* ProfileViewModel.swift */; };
		53392B982A19FFE4006755A4 /* SDWebImage in Frameworks */ = {isa = PBXBuildFile; productRef = 53392B972A19FFE4006755A4 /* SDWebImage */; };
		53392B9A2A19FFE4006755A4 /* SDWebImageMapKit in Frameworks */ = {isa = PBXBuildFile; productRef = 53392B992A19FFE4006755A4 /* SDWebImageMapKit */; };
		681C497929C715CE001AA5E7 /* AppDelegate.swift in Sources */ = {isa = PBXBuildFile; fileRef = 681C497829C715CE001AA5E7 /* AppDelegate.swift */; };
		681C497B29C715CE001AA5E7 /* SceneDelegate.swift in Sources */ = {isa = PBXBuildFile; fileRef = 681C497A29C715CE001AA5E7 /* SceneDelegate.swift */; };
		681C497D29C715CE001AA5E7 /* MainTabBarViewController.swift in Sources */ = {isa = PBXBuildFile; fileRef = 681C497C29C715CE001AA5E7 /* MainTabBarViewController.swift */; };
		681C498229C715CF001AA5E7 /* Assets.xcassets in Resources */ = {isa = PBXBuildFile; fileRef = 681C498129C715CF001AA5E7 /* Assets.xcassets */; };
		681C498529C715CF001AA5E7 /* LaunchScreen.storyboard in Resources */ = {isa = PBXBuildFile; fileRef = 681C498329C715CF001AA5E7 /* LaunchScreen.storyboard */; };
		681C498F29C71B0E001AA5E7 /* HomeViewController.swift in Sources */ = {isa = PBXBuildFile; fileRef = 681C498E29C71B0E001AA5E7 /* HomeViewController.swift */; };
		681C499129C71B17001AA5E7 /* SearchViewController.swift in Sources */ = {isa = PBXBuildFile; fileRef = 681C499029C71B17001AA5E7 /* SearchViewController.swift */; };
		681C499329C71B23001AA5E7 /* NotificationsViewController.swift in Sources */ = {isa = PBXBuildFile; fileRef = 681C499229C71B23001AA5E7 /* NotificationsViewController.swift */; };
		681C499529C71B2F001AA5E7 /* DirectMessagesViewController.swift in Sources */ = {isa = PBXBuildFile; fileRef = 681C499429C71B2F001AA5E7 /* DirectMessagesViewController.swift */; };
		681C499829C72189001AA5E7 /* TweetTableViewCell.swift in Sources */ = {isa = PBXBuildFile; fileRef = 681C499729C72189001AA5E7 /* TweetTableViewCell.swift */; };
		681C499C29C98174001AA5E7 /* ProfileViewController.swift in Sources */ = {isa = PBXBuildFile; fileRef = 681C499B29C98174001AA5E7 /* ProfileViewController.swift */; };
		681C499E29CAD4C4001AA5E7 /* ProfileTableViewHeader.swift in Sources */ = {isa = PBXBuildFile; fileRef = 681C499D29CAD4C4001AA5E7 /* ProfileTableViewHeader.swift */; };
		683BC0CA29FE578400D551D8 /* RegisterViewController.swift in Sources */ = {isa = PBXBuildFile; fileRef = 683BC0C929FE578400D551D8 /* RegisterViewController.swift */; };
		683BC0CE29FE642B00D551D8 /* AuthenticationViewModel.swift in Sources */ = {isa = PBXBuildFile; fileRef = 683BC0CD29FE642B00D551D8 /* AuthenticationViewModel.swift */; };
		683BC0D129FE721D00D551D8 /* AuthManager.swift in Sources */ = {isa = PBXBuildFile; fileRef = 683BC0D029FE721D00D551D8 /* AuthManager.swift */; };
		68A58EBD2A00FFFB00A186C4 /* LoginViewController.swift in Sources */ = {isa = PBXBuildFile; fileRef = 68A58EBC2A00FFFB00A186C4 /* LoginViewController.swift */; };
		68D3340D2A08BE9300433134 /* TwitterUser.swift in Sources */ = {isa = PBXBuildFile; fileRef = 68D3340C2A08BE9300433134 /* TwitterUser.swift */; };
		68D3340F2A08BF7100433134 /* DatabaseManager.swift in Sources */ = {isa = PBXBuildFile; fileRef = 68D3340E2A08BF7100433134 /* DatabaseManager.swift */; };
		68D334112A08C45600433134 /* HomeViewViewModel.swift in Sources */ = {isa = PBXBuildFile; fileRef = 68D334102A08C45600433134 /* HomeViewViewModel.swift */; };
		68D334132A08C8B300433134 /* ProfileDataFormViewController.swift in Sources */ = {isa = PBXBuildFile; fileRef = 68D334122A08C8B300433134 /* ProfileDataFormViewController.swift */; };
		68D334152A11FF0700433134 /* ProfileDataFormViewModel.swift in Sources */ = {isa = PBXBuildFile; fileRef = 68D334142A11FF0700433134 /* ProfileDataFormViewModel.swift */; };
		68D334172A1201FE00433134 /* StorageManager.swift in Sources */ = {isa = PBXBuildFile; fileRef = 68D334162A1201FE00433134 /* StorageManager.swift */; };
		68E1A2F629FB93EF0000DAEA /* GoogleService-Info.plist in Resources */ = {isa = PBXBuildFile; fileRef = 68E1A2F529FB93EF0000DAEA /* GoogleService-Info.plist */; };
		68E1A2F929FB94EB0000DAEA /* FirebaseAuth in Frameworks */ = {isa = PBXBuildFile; productRef = 68E1A2F829FB94EB0000DAEA /* FirebaseAuth */; };
		68E1A2FB29FB94EB0000DAEA /* FirebaseAuthCombine-Community in Frameworks */ = {isa = PBXBuildFile; productRef = 68E1A2FA29FB94EB0000DAEA /* FirebaseAuthCombine-Community */; };
		68E1A2FD29FB94EB0000DAEA /* FirebaseDatabase in Frameworks */ = {isa = PBXBuildFile; productRef = 68E1A2FC29FB94EB0000DAEA /* FirebaseDatabase */; };
		68E1A2FF29FB94EB0000DAEA /* FirebaseDatabaseSwift in Frameworks */ = {isa = PBXBuildFile; productRef = 68E1A2FE29FB94EB0000DAEA /* FirebaseDatabaseSwift */; };
		68E1A30129FB94EB0000DAEA /* FirebaseFirestore in Frameworks */ = {isa = PBXBuildFile; productRef = 68E1A30029FB94EB0000DAEA /* FirebaseFirestore */; };
		68E1A30329FB94EB0000DAEA /* FirebaseFirestoreCombine-Community in Frameworks */ = {isa = PBXBuildFile; productRef = 68E1A30229FB94EB0000DAEA /* FirebaseFirestoreCombine-Community */; };
		68E1A30529FB94EB0000DAEA /* FirebaseFirestoreSwift in Frameworks */ = {isa = PBXBuildFile; productRef = 68E1A30429FB94EB0000DAEA /* FirebaseFirestoreSwift */; };
		68E1A30729FB94EB0000DAEA /* FirebaseStorage in Frameworks */ = {isa = PBXBuildFile; productRef = 68E1A30629FB94EB0000DAEA /* FirebaseStorage */; };
		68E1A30929FB94EB0000DAEA /* FirebaseStorageCombine-Community in Frameworks */ = {isa = PBXBuildFile; productRef = 68E1A30829FB94EB0000DAEA /* FirebaseStorageCombine-Community */; };
		68E1A30B29FB97420000DAEA /* OnboardingViewController.swift in Sources */ = {isa = PBXBuildFile; fileRef = 68E1A30A29FB97420000DAEA /* OnboardingViewController.swift */; };
/* End PBXBuildFile section */

/* Begin PBXFileReference section */
		53392B942A19FD3D006755A4 /* ProfileViewModel.swift */ = {isa = PBXFileReference; lastKnownFileType = sourcecode.swift; path = ProfileViewModel.swift; sourceTree = "<group>"; };
		681C497529C715CE001AA5E7 /* TwitterClone.app */ = {isa = PBXFileReference; explicitFileType = wrapper.application; includeInIndex = 0; path = TwitterClone.app; sourceTree = BUILT_PRODUCTS_DIR; };
		681C497829C715CE001AA5E7 /* AppDelegate.swift */ = {isa = PBXFileReference; lastKnownFileType = sourcecode.swift; path = AppDelegate.swift; sourceTree = "<group>"; };
		681C497A29C715CE001AA5E7 /* SceneDelegate.swift */ = {isa = PBXFileReference; lastKnownFileType = sourcecode.swift; path = SceneDelegate.swift; sourceTree = "<group>"; };
		681C497C29C715CE001AA5E7 /* MainTabBarViewController.swift */ = {isa = PBXFileReference; lastKnownFileType = sourcecode.swift; path = MainTabBarViewController.swift; sourceTree = "<group>"; };
		681C498129C715CF001AA5E7 /* Assets.xcassets */ = {isa = PBXFileReference; lastKnownFileType = folder.assetcatalog; path = Assets.xcassets; sourceTree = "<group>"; };
		681C498429C715CF001AA5E7 /* Base */ = {isa = PBXFileReference; lastKnownFileType = file.storyboard; name = Base; path = Base.lproj/LaunchScreen.storyboard; sourceTree = "<group>"; };
		681C498629C715CF001AA5E7 /* Info.plist */ = {isa = PBXFileReference; lastKnownFileType = text.plist.xml; path = Info.plist; sourceTree = "<group>"; };
		681C498E29C71B0E001AA5E7 /* HomeViewController.swift */ = {isa = PBXFileReference; lastKnownFileType = sourcecode.swift; path = HomeViewController.swift; sourceTree = "<group>"; };
		681C499029C71B17001AA5E7 /* SearchViewController.swift */ = {isa = PBXFileReference; lastKnownFileType = sourcecode.swift; path = SearchViewController.swift; sourceTree = "<group>"; };
		681C499229C71B23001AA5E7 /* NotificationsViewController.swift */ = {isa = PBXFileReference; lastKnownFileType = sourcecode.swift; path = NotificationsViewController.swift; sourceTree = "<group>"; };
		681C499429C71B2F001AA5E7 /* DirectMessagesViewController.swift */ = {isa = PBXFileReference; lastKnownFileType = sourcecode.swift; path = DirectMessagesViewController.swift; sourceTree = "<group>"; };
		681C499729C72189001AA5E7 /* TweetTableViewCell.swift */ = {isa = PBXFileReference; lastKnownFileType = sourcecode.swift; path = TweetTableViewCell.swift; sourceTree = "<group>"; };
		681C499B29C98174001AA5E7 /* ProfileViewController.swift */ = {isa = PBXFileReference; lastKnownFileType = sourcecode.swift; path = ProfileViewController.swift; sourceTree = "<group>"; };
		681C499D29CAD4C4001AA5E7 /* ProfileTableViewHeader.swift */ = {isa = PBXFileReference; lastKnownFileType = sourcecode.swift; path = ProfileTableViewHeader.swift; sourceTree = "<group>"; };
		683BC0C929FE578400D551D8 /* RegisterViewController.swift */ = {isa = PBXFileReference; lastKnownFileType = sourcecode.swift; path = RegisterViewController.swift; sourceTree = "<group>"; };
		683BC0CD29FE642B00D551D8 /* AuthenticationViewModel.swift */ = {isa = PBXFileReference; lastKnownFileType = sourcecode.swift; path = AuthenticationViewModel.swift; sourceTree = "<group>"; };
		683BC0D029FE721D00D551D8 /* AuthManager.swift */ = {isa = PBXFileReference; lastKnownFileType = sourcecode.swift; path = AuthManager.swift; sourceTree = "<group>"; };
		68A58EBC2A00FFFB00A186C4 /* LoginViewController.swift */ = {isa = PBXFileReference; lastKnownFileType = sourcecode.swift; path = LoginViewController.swift; sourceTree = "<group>"; };
		68D3340C2A08BE9300433134 /* TwitterUser.swift */ = {isa = PBXFileReference; lastKnownFileType = sourcecode.swift; path = TwitterUser.swift; sourceTree = "<group>"; };
		68D3340E2A08BF7100433134 /* DatabaseManager.swift */ = {isa = PBXFileReference; lastKnownFileType = sourcecode.swift; path = DatabaseManager.swift; sourceTree = "<group>"; };
		68D334102A08C45600433134 /* HomeViewViewModel.swift */ = {isa = PBXFileReference; lastKnownFileType = sourcecode.swift; path = HomeViewViewModel.swift; sourceTree = "<group>"; };
		68D334122A08C8B300433134 /* ProfileDataFormViewController.swift */ = {isa = PBXFileReference; lastKnownFileType = sourcecode.swift; path = ProfileDataFormViewController.swift; sourceTree = "<group>"; };
		68D334142A11FF0700433134 /* ProfileDataFormViewModel.swift */ = {isa = PBXFileReference; lastKnownFileType = sourcecode.swift; path = ProfileDataFormViewModel.swift; sourceTree = "<group>"; };
		68D334162A1201FE00433134 /* StorageManager.swift */ = {isa = PBXFileReference; lastKnownFileType = sourcecode.swift; path = StorageManager.swift; sourceTree = "<group>"; };
		68E1A2F529FB93EF0000DAEA /* GoogleService-Info.plist */ = {isa = PBXFileReference; fileEncoding = 4; lastKnownFileType = text.plist.xml; path = "GoogleService-Info.plist"; sourceTree = "<group>"; };
		68E1A30A29FB97420000DAEA /* OnboardingViewController.swift */ = {isa = PBXFileReference; lastKnownFileType = sourcecode.swift; path = OnboardingViewController.swift; sourceTree = "<group>"; };
/* End PBXFileReference section */

/* Begin PBXFrameworksBuildPhase section */
		681C497229C715CE001AA5E7 /* Frameworks */ = {
			isa = PBXFrameworksBuildPhase;
			buildActionMask = 2147483647;
			files = (
				68E1A2FF29FB94EB0000DAEA /* FirebaseDatabaseSwift in Frameworks */,
				68E1A2FD29FB94EB0000DAEA /* FirebaseDatabase in Frameworks */,
				68E1A2F929FB94EB0000DAEA /* FirebaseAuth in Frameworks */,
				68E1A30529FB94EB0000DAEA /* FirebaseFirestoreSwift in Frameworks */,
				53392B982A19FFE4006755A4 /* SDWebImage in Frameworks */,
				68E1A30329FB94EB0000DAEA /* FirebaseFirestoreCombine-Community in Frameworks */,
				68E1A30729FB94EB0000DAEA /* FirebaseStorage in Frameworks */,
				53392B9A2A19FFE4006755A4 /* SDWebImageMapKit in Frameworks */,
				68E1A30129FB94EB0000DAEA /* FirebaseFirestore in Frameworks */,
				68E1A30929FB94EB0000DAEA /* FirebaseStorageCombine-Community in Frameworks */,
				68E1A2FB29FB94EB0000DAEA /* FirebaseAuthCombine-Community in Frameworks */,
			);
			runOnlyForDeploymentPostprocessing = 0;
		};
/* End PBXFrameworksBuildPhase section */

/* Begin PBXGroup section */
		681C496C29C715CE001AA5E7 = {
			isa = PBXGroup;
			children = (
				681C497729C715CE001AA5E7 /* TwitterClone */,
				681C497629C715CE001AA5E7 /* Products */,
			);
			sourceTree = "<group>";
		};
		681C497629C715CE001AA5E7 /* Products */ = {
			isa = PBXGroup;
			children = (
				681C497529C715CE001AA5E7 /* TwitterClone.app */,
			);
			name = Products;
			sourceTree = "<group>";
		};
		681C497729C715CE001AA5E7 /* TwitterClone */ = {
			isa = PBXGroup;
			children = (
				68D3340B2A08BE8000433134 /* Models */,
				683BC0CF29FE721300D551D8 /* Network */,
				683BC0CC29FE641C00D551D8 /* ViewModels */,
				681C499629C7216F001AA5E7 /* Views */,
				681C498C29C71AF9001AA5E7 /* Controllers */,
				681C497829C715CE001AA5E7 /* AppDelegate.swift */,
				681C497A29C715CE001AA5E7 /* SceneDelegate.swift */,
				681C497C29C715CE001AA5E7 /* MainTabBarViewController.swift */,
				681C498129C715CF001AA5E7 /* Assets.xcassets */,
				681C498329C715CF001AA5E7 /* LaunchScreen.storyboard */,
				68E1A2F529FB93EF0000DAEA /* GoogleService-Info.plist */,
				681C498629C715CF001AA5E7 /* Info.plist */,
			);
			path = TwitterClone;
			sourceTree = "<group>";
		};
		681C498C29C71AF9001AA5E7 /* Controllers */ = {
			isa = PBXGroup;
			children = (
				681C499929C98158001AA5E7 /* Features */,
				681C498D29C71B01001AA5E7 /* Core */,
			);
			path = Controllers;
			sourceTree = "<group>";
		};
		681C498D29C71B01001AA5E7 /* Core */ = {
			isa = PBXGroup;
			children = (
				681C498E29C71B0E001AA5E7 /* HomeViewController.swift */,
				681C499029C71B17001AA5E7 /* SearchViewController.swift */,
				681C499229C71B23001AA5E7 /* NotificationsViewController.swift */,
				681C499429C71B2F001AA5E7 /* DirectMessagesViewController.swift */,
			);
			path = Core;
			sourceTree = "<group>";
		};
		681C499629C7216F001AA5E7 /* Views */ = {
			isa = PBXGroup;
			children = (
				681C499729C72189001AA5E7 /* TweetTableViewCell.swift */,
				681C499D29CAD4C4001AA5E7 /* ProfileTableViewHeader.swift */,
			);
			path = Views;
			sourceTree = "<group>";
		};
		681C499929C98158001AA5E7 /* Features */ = {
			isa = PBXGroup;
			children = (
				683BC0C829FE576700D551D8 /* Onboard */,
				681C499A29C9815F001AA5E7 /* Profile */,
			);
			path = Features;
			sourceTree = "<group>";
		};
		681C499A29C9815F001AA5E7 /* Profile */ = {
			isa = PBXGroup;
			children = (
				681C499B29C98174001AA5E7 /* ProfileViewController.swift */,
				68D334122A08C8B300433134 /* ProfileDataFormViewController.swift */,
			);
			path = Profile;
			sourceTree = "<group>";
		};
		683BC0C829FE576700D551D8 /* Onboard */ = {
			isa = PBXGroup;
			children = (
				68E1A30A29FB97420000DAEA /* OnboardingViewController.swift */,
				683BC0C929FE578400D551D8 /* RegisterViewController.swift */,
				68A58EBC2A00FFFB00A186C4 /* LoginViewController.swift */,
			);
			path = Onboard;
			sourceTree = "<group>";
		};
		683BC0CC29FE641C00D551D8 /* ViewModels */ = {
			isa = PBXGroup;
			children = (
				683BC0CD29FE642B00D551D8 /* AuthenticationViewModel.swift */,
				68D334102A08C45600433134 /* HomeViewViewModel.swift */,
				68D334142A11FF0700433134 /* ProfileDataFormViewModel.swift */,
				53392B942A19FD3D006755A4 /* ProfileViewModel.swift */,
			);
			path = ViewModels;
			sourceTree = "<group>";
		};
		683BC0CF29FE721300D551D8 /* Network */ = {
			isa = PBXGroup;
			children = (
				683BC0D029FE721D00D551D8 /* AuthManager.swift */,
				68D3340E2A08BF7100433134 /* DatabaseManager.swift */,
				68D334162A1201FE00433134 /* StorageManager.swift */,
			);
			path = Network;
			sourceTree = "<group>";
		};
		68D3340B2A08BE8000433134 /* Models */ = {
			isa = PBXGroup;
			children = (
				68D3340C2A08BE9300433134 /* TwitterUser.swift */,
			);
			path = Models;
			sourceTree = "<group>";
		};
/* End PBXGroup section */

/* Begin PBXNativeTarget section */
		681C497429C715CE001AA5E7 /* TwitterClone */ = {
			isa = PBXNativeTarget;
			buildConfigurationList = 681C498929C715CF001AA5E7 /* Build configuration list for PBXNativeTarget "TwitterClone" */;
			buildPhases = (
				681C497129C715CE001AA5E7 /* Sources */,
				681C497229C715CE001AA5E7 /* Frameworks */,
				681C497329C715CE001AA5E7 /* Resources */,
			);
			buildRules = (
			);
			dependencies = (
			);
			name = TwitterClone;
			packageProductDependencies = (
				68E1A2F829FB94EB0000DAEA /* FirebaseAuth */,
				68E1A2FA29FB94EB0000DAEA /* FirebaseAuthCombine-Community */,
				68E1A2FC29FB94EB0000DAEA /* FirebaseDatabase */,
				68E1A2FE29FB94EB0000DAEA /* FirebaseDatabaseSwift */,
				68E1A30029FB94EB0000DAEA /* FirebaseFirestore */,
				68E1A30229FB94EB0000DAEA /* FirebaseFirestoreCombine-Community */,
				68E1A30429FB94EB0000DAEA /* FirebaseFirestoreSwift */,
				68E1A30629FB94EB0000DAEA /* FirebaseStorage */,
				68E1A30829FB94EB0000DAEA /* FirebaseStorageCombine-Community */,
				53392B972A19FFE4006755A4 /* SDWebImage */,
				53392B992A19FFE4006755A4 /* SDWebImageMapKit */,
			);
			productName = TwitterClone;
			productReference = 681C497529C715CE001AA5E7 /* TwitterClone.app */;
			productType = "com.apple.product-type.application";
		};
/* End PBXNativeTarget section */

/* Begin PBXProject section */
		681C496D29C715CE001AA5E7 /* Project object */ = {
			isa = PBXProject;
			attributes = {
				BuildIndependentTargetsInParallel = 1;
				LastSwiftUpdateCheck = 1420;
				LastUpgradeCheck = 1420;
				TargetAttributes = {
					681C497429C715CE001AA5E7 = {
						CreatedOnToolsVersion = 14.2;
					};
				};
			};
			buildConfigurationList = 681C497029C715CE001AA5E7 /* Build configuration list for PBXProject "TwitterClone" */;
			compatibilityVersion = "Xcode 14.0";
			developmentRegion = en;
			hasScannedForEncodings = 0;
			knownRegions = (
				en,
				Base,
			);
			mainGroup = 681C496C29C715CE001AA5E7;
			packageReferences = (
				68E1A2F729FB94EB0000DAEA /* XCRemoteSwiftPackageReference "firebase-ios-sdk" */,
				53392B962A19FFE4006755A4 /* XCRemoteSwiftPackageReference "SDWebImage" */,
			);
			productRefGroup = 681C497629C715CE001AA5E7 /* Products */;
			projectDirPath = "";
			projectRoot = "";
			targets = (
				681C497429C715CE001AA5E7 /* TwitterClone */,
			);
		};
/* End PBXProject section */

/* Begin PBXResourcesBuildPhase section */
		681C497329C715CE001AA5E7 /* Resources */ = {
			isa = PBXResourcesBuildPhase;
			buildActionMask = 2147483647;
			files = (
				681C498529C715CF001AA5E7 /* LaunchScreen.storyboard in Resources */,
				681C498229C715CF001AA5E7 /* Assets.xcassets in Resources */,
				68E1A2F629FB93EF0000DAEA /* GoogleService-Info.plist in Resources */,
			);
			runOnlyForDeploymentPostprocessing = 0;
		};
/* End PBXResourcesBuildPhase section */

/* Begin PBXSourcesBuildPhase section */
		681C497129C715CE001AA5E7 /* Sources */ = {
			isa = PBXSourcesBuildPhase;
			buildActionMask = 2147483647;
			files = (
				681C499E29CAD4C4001AA5E7 /* ProfileTableViewHeader.swift in Sources */,
				683BC0D129FE721D00D551D8 /* AuthManager.swift in Sources */,
				681C499129C71B17001AA5E7 /* SearchViewController.swift in Sources */,
				68D334172A1201FE00433134 /* StorageManager.swift in Sources */,
				68A58EBD2A00FFFB00A186C4 /* LoginViewController.swift in Sources */,
				68D3340F2A08BF7100433134 /* DatabaseManager.swift in Sources */,
				68D3340D2A08BE9300433134 /* TwitterUser.swift in Sources */,
				681C497D29C715CE001AA5E7 /* MainTabBarViewController.swift in Sources */,
				683BC0CA29FE578400D551D8 /* RegisterViewController.swift in Sources */,
				68D334152A11FF0700433134 /* ProfileDataFormViewModel.swift in Sources */,
				681C497929C715CE001AA5E7 /* AppDelegate.swift in Sources */,
				681C499329C71B23001AA5E7 /* NotificationsViewController.swift in Sources */,
				681C497B29C715CE001AA5E7 /* SceneDelegate.swift in Sources */,
				681C498F29C71B0E001AA5E7 /* HomeViewController.swift in Sources */,
				683BC0CE29FE642B00D551D8 /* AuthenticationViewModel.swift in Sources */,
				681C499C29C98174001AA5E7 /* ProfileViewController.swift in Sources */,
				68D334132A08C8B300433134 /* ProfileDataFormViewController.swift in Sources */,
				681C499529C71B2F001AA5E7 /* DirectMessagesViewController.swift in Sources */,
				53392B952A19FD3D006755A4 /* ProfileViewModel.swift in Sources */,
				68E1A30B29FB97420000DAEA /* OnboardingViewController.swift in Sources */,
				68D334112A08C45600433134 /* HomeViewViewModel.swift in Sources */,
				681C499829C72189001AA5E7 /* TweetTableViewCell.swift in Sources */,
			);
			runOnlyForDeploymentPostprocessing = 0;
		};
/* End PBXSourcesBuildPhase section */

/* Begin PBXVariantGroup section */
		681C498329C715CF001AA5E7 /* LaunchScreen.storyboard */ = {
			isa = PBXVariantGroup;
			children = (
				681C498429C715CF001AA5E7 /* Base */,
			);
			name = LaunchScreen.storyboard;
			sourceTree = "<group>";
		};
/* End PBXVariantGroup section */

/* Begin XCBuildConfiguration section */
		681C498729C715CF001AA5E7 /* Debug */ = {
			isa = XCBuildConfiguration;
			buildSettings = {
				ALWAYS_SEARCH_USER_PATHS = NO;
				CLANG_ANALYZER_NONNULL = YES;
				CLANG_ANALYZER_NUMBER_OBJECT_CONVERSION = YES_AGGRESSIVE;
				CLANG_CXX_LANGUAGE_STANDARD = "gnu++20";
				CLANG_ENABLE_MODULES = YES;
				CLANG_ENABLE_OBJC_ARC = YES;
				CLANG_ENABLE_OBJC_WEAK = YES;
				CLANG_WARN_BLOCK_CAPTURE_AUTORELEASING = YES;
				CLANG_WARN_BOOL_CONVERSION = YES;
				CLANG_WARN_COMMA = YES;
				CLANG_WARN_CONSTANT_CONVERSION = YES;
				CLANG_WARN_DEPRECATED_OBJC_IMPLEMENTATIONS = YES;
				CLANG_WARN_DIRECT_OBJC_ISA_USAGE = YES_ERROR;
				CLANG_WARN_DOCUMENTATION_COMMENTS = YES;
				CLANG_WARN_EMPTY_BODY = YES;
				CLANG_WARN_ENUM_CONVERSION = YES;
				CLANG_WARN_INFINITE_RECURSION = YES;
				CLANG_WARN_INT_CONVERSION = YES;
				CLANG_WARN_NON_LITERAL_NULL_CONVERSION = YES;
				CLANG_WARN_OBJC_IMPLICIT_RETAIN_SELF = YES;
				CLANG_WARN_OBJC_LITERAL_CONVERSION = YES;
				CLANG_WARN_OBJC_ROOT_CLASS = YES_ERROR;
				CLANG_WARN_QUOTED_INCLUDE_IN_FRAMEWORK_HEADER = YES;
				CLANG_WARN_RANGE_LOOP_ANALYSIS = YES;
				CLANG_WARN_STRICT_PROTOTYPES = YES;
				CLANG_WARN_SUSPICIOUS_MOVE = YES;
				CLANG_WARN_UNGUARDED_AVAILABILITY = YES_AGGRESSIVE;
				CLANG_WARN_UNREACHABLE_CODE = YES;
				CLANG_WARN__DUPLICATE_METHOD_MATCH = YES;
				COPY_PHASE_STRIP = NO;
				DEBUG_INFORMATION_FORMAT = dwarf;
				ENABLE_STRICT_OBJC_MSGSEND = YES;
				ENABLE_TESTABILITY = YES;
				GCC_C_LANGUAGE_STANDARD = gnu11;
				GCC_DYNAMIC_NO_PIC = NO;
				GCC_NO_COMMON_BLOCKS = YES;
				GCC_OPTIMIZATION_LEVEL = 0;
				GCC_PREPROCESSOR_DEFINITIONS = (
					"DEBUG=1",
					"$(inherited)",
				);
				GCC_WARN_64_TO_32_BIT_CONVERSION = YES;
				GCC_WARN_ABOUT_RETURN_TYPE = YES_ERROR;
				GCC_WARN_UNDECLARED_SELECTOR = YES;
				GCC_WARN_UNINITIALIZED_AUTOS = YES_AGGRESSIVE;
				GCC_WARN_UNUSED_FUNCTION = YES;
				GCC_WARN_UNUSED_VARIABLE = YES;
				IPHONEOS_DEPLOYMENT_TARGET = 16.2;
				MTL_ENABLE_DEBUG_INFO = INCLUDE_SOURCE;
				MTL_FAST_MATH = YES;
				ONLY_ACTIVE_ARCH = YES;
				SDKROOT = iphoneos;
				SWIFT_ACTIVE_COMPILATION_CONDITIONS = DEBUG;
				SWIFT_OPTIMIZATION_LEVEL = "-Onone";
			};
			name = Debug;
		};
		681C498829C715CF001AA5E7 /* Release */ = {
			isa = XCBuildConfiguration;
			buildSettings = {
				ALWAYS_SEARCH_USER_PATHS = NO;
				CLANG_ANALYZER_NONNULL = YES;
				CLANG_ANALYZER_NUMBER_OBJECT_CONVERSION = YES_AGGRESSIVE;
				CLANG_CXX_LANGUAGE_STANDARD = "gnu++20";
				CLANG_ENABLE_MODULES = YES;
				CLANG_ENABLE_OBJC_ARC = YES;
				CLANG_ENABLE_OBJC_WEAK = YES;
				CLANG_WARN_BLOCK_CAPTURE_AUTORELEASING = YES;
				CLANG_WARN_BOOL_CONVERSION = YES;
				CLANG_WARN_COMMA = YES;
				CLANG_WARN_CONSTANT_CONVERSION = YES;
				CLANG_WARN_DEPRECATED_OBJC_IMPLEMENTATIONS = YES;
				CLANG_WARN_DIRECT_OBJC_ISA_USAGE = YES_ERROR;
				CLANG_WARN_DOCUMENTATION_COMMENTS = YES;
				CLANG_WARN_EMPTY_BODY = YES;
				CLANG_WARN_ENUM_CONVERSION = YES;
				CLANG_WARN_INFINITE_RECURSION = YES;
				CLANG_WARN_INT_CONVERSION = YES;
				CLANG_WARN_NON_LITERAL_NULL_CONVERSION = YES;
				CLANG_WARN_OBJC_IMPLICIT_RETAIN_SELF = YES;
				CLANG_WARN_OBJC_LITERAL_CONVERSION = YES;
				CLANG_WARN_OBJC_ROOT_CLASS = YES_ERROR;
				CLANG_WARN_QUOTED_INCLUDE_IN_FRAMEWORK_HEADER = YES;
				CLANG_WARN_RANGE_LOOP_ANALYSIS = YES;
				CLANG_WARN_STRICT_PROTOTYPES = YES;
				CLANG_WARN_SUSPICIOUS_MOVE = YES;
				CLANG_WARN_UNGUARDED_AVAILABILITY = YES_AGGRESSIVE;
				CLANG_WARN_UNREACHABLE_CODE = YES;
				CLANG_WARN__DUPLICATE_METHOD_MATCH = YES;
				COPY_PHASE_STRIP = NO;
				DEBUG_INFORMATION_FORMAT = "dwarf-with-dsym";
				ENABLE_NS_ASSERTIONS = NO;
				ENABLE_STRICT_OBJC_MSGSEND = YES;
				GCC_C_LANGUAGE_STANDARD = gnu11;
				GCC_NO_COMMON_BLOCKS = YES;
				GCC_WARN_64_TO_32_BIT_CONVERSION = YES;
				GCC_WARN_ABOUT_RETURN_TYPE = YES_ERROR;
				GCC_WARN_UNDECLARED_SELECTOR = YES;
				GCC_WARN_UNINITIALIZED_AUTOS = YES_AGGRESSIVE;
				GCC_WARN_UNUSED_FUNCTION = YES;
				GCC_WARN_UNUSED_VARIABLE = YES;
				IPHONEOS_DEPLOYMENT_TARGET = 16.2;
				MTL_ENABLE_DEBUG_INFO = NO;
				MTL_FAST_MATH = YES;
				SDKROOT = iphoneos;
				SWIFT_COMPILATION_MODE = wholemodule;
				SWIFT_OPTIMIZATION_LEVEL = "-O";
				VALIDATE_PRODUCT = YES;
			};
			name = Release;
		};
		681C498A29C715CF001AA5E7 /* Debug */ = {
			isa = XCBuildConfiguration;
			buildSettings = {
				ASSETCATALOG_COMPILER_APPICON_NAME = AppIcon;
				ASSETCATALOG_COMPILER_GLOBAL_ACCENT_COLOR_NAME = AccentColor;
				CODE_SIGN_STYLE = Automatic;
				CURRENT_PROJECT_VERSION = 1;
				GENERATE_INFOPLIST_FILE = YES;
				INFOPLIST_FILE = TwitterClone/Info.plist;
				INFOPLIST_KEY_UIApplicationSupportsIndirectInputEvents = YES;
				INFOPLIST_KEY_UILaunchStoryboardName = LaunchScreen;
				INFOPLIST_KEY_UISupportedInterfaceOrientations_iPad = "UIInterfaceOrientationPortrait UIInterfaceOrientationPortraitUpsideDown UIInterfaceOrientationLandscapeLeft UIInterfaceOrientationLandscapeRight";
				INFOPLIST_KEY_UISupportedInterfaceOrientations_iPhone = "UIInterfaceOrientationPortrait UIInterfaceOrientationLandscapeLeft UIInterfaceOrientationLandscapeRight";
				LD_RUNPATH_SEARCH_PATHS = (
					"$(inherited)",
					"@executable_path/Frameworks",
				);
				MARKETING_VERSION = 1.0;
				PRODUCT_BUNDLE_IDENTIFIER = com.sstonn.TwitterClone;
				PRODUCT_NAME = "$(TARGET_NAME)";
				SWIFT_EMIT_LOC_STRINGS = YES;
				SWIFT_VERSION = 5.0;
				TARGETED_DEVICE_FAMILY = "1,2";
			};
			name = Debug;
		};
		681C498B29C715CF001AA5E7 /* Release */ = {
			isa = XCBuildConfiguration;
			buildSettings = {
				ASSETCATALOG_COMPILER_APPICON_NAME = AppIcon;
				ASSETCATALOG_COMPILER_GLOBAL_ACCENT_COLOR_NAME = AccentColor;
				CODE_SIGN_STYLE = Automatic;
				CURRENT_PROJECT_VERSION = 1;
				GENERATE_INFOPLIST_FILE = YES;
				INFOPLIST_FILE = TwitterClone/Info.plist;
				INFOPLIST_KEY_UIApplicationSupportsIndirectInputEvents = YES;
				INFOPLIST_KEY_UILaunchStoryboardName = LaunchScreen;
				INFOPLIST_KEY_UISupportedInterfaceOrientations_iPad = "UIInterfaceOrientationPortrait UIInterfaceOrientationPortraitUpsideDown UIInterfaceOrientationLandscapeLeft UIInterfaceOrientationLandscapeRight";
				INFOPLIST_KEY_UISupportedInterfaceOrientations_iPhone = "UIInterfaceOrientationPortrait UIInterfaceOrientationLandscapeLeft UIInterfaceOrientationLandscapeRight";
				LD_RUNPATH_SEARCH_PATHS = (
					"$(inherited)",
					"@executable_path/Frameworks",
				);
				MARKETING_VERSION = 1.0;
				PRODUCT_BUNDLE_IDENTIFIER = com.sstonn.TwitterClone;
				PRODUCT_NAME = "$(TARGET_NAME)";
				SWIFT_EMIT_LOC_STRINGS = YES;
				SWIFT_VERSION = 5.0;
				TARGETED_DEVICE_FAMILY = "1,2";
			};
			name = Release;
		};
/* End XCBuildConfiguration section */

/* Begin XCConfigurationList section */
		681C497029C715CE001AA5E7 /* Build configuration list for PBXProject "TwitterClone" */ = {
			isa = XCConfigurationList;
			buildConfigurations = (
				681C498729C715CF001AA5E7 /* Debug */,
				681C498829C715CF001AA5E7 /* Release */,
			);
			defaultConfigurationIsVisible = 0;
			defaultConfigurationName = Release;
		};
		681C498929C715CF001AA5E7 /* Build configuration list for PBXNativeTarget "TwitterClone" */ = {
			isa = XCConfigurationList;
			buildConfigurations = (
				681C498A29C715CF001AA5E7 /* Debug */,
				681C498B29C715CF001AA5E7 /* Release */,
			);
			defaultConfigurationIsVisible = 0;
			defaultConfigurationName = Release;
		};
/* End XCConfigurationList section */

/* Begin XCRemoteSwiftPackageReference section */
		53392B962A19FFE4006755A4 /* XCRemoteSwiftPackageReference "SDWebImage" */ = {
			isa = XCRemoteSwiftPackageReference;
			repositoryURL = "https://github.com/SDWebImage/SDWebImage.git";
			requirement = {
				kind = upToNextMajorVersion;
				minimumVersion = 5.0.0;
			};
		};
		68E1A2F729FB94EB0000DAEA /* XCRemoteSwiftPackageReference "firebase-ios-sdk" */ = {
			isa = XCRemoteSwiftPackageReference;
			repositoryURL = "https://github.com/firebase/firebase-ios-sdk";
			requirement = {
				kind = upToNextMajorVersion;
				minimumVersion = 10.0.0;
			};
		};
/* End XCRemoteSwiftPackageReference section */

/* Begin XCSwiftPackageProductDependency section */
		53392B972A19FFE4006755A4 /* SDWebImage */ = {
			isa = XCSwiftPackageProductDependency;
			package = 53392B962A19FFE4006755A4 /* XCRemoteSwiftPackageReference "SDWebImage" */;
			productName = SDWebImage;
		};
		53392B992A19FFE4006755A4 /* SDWebImageMapKit */ = {
			isa = XCSwiftPackageProductDependency;
			package = 53392B962A19FFE4006755A4 /* XCRemoteSwiftPackageReference "SDWebImage" */;
			productName = SDWebImageMapKit;
		};
		68E1A2F829FB94EB0000DAEA /* FirebaseAuth */ = {
			isa = XCSwiftPackageProductDependency;
			package = 68E1A2F729FB94EB0000DAEA /* XCRemoteSwiftPackageReference "firebase-ios-sdk" */;
			productName = FirebaseAuth;
		};
		68E1A2FA29FB94EB0000DAEA /* FirebaseAuthCombine-Community */ = {
			isa = XCSwiftPackageProductDependency;
			package = 68E1A2F729FB94EB0000DAEA /* XCRemoteSwiftPackageReference "firebase-ios-sdk" */;
			productName = "FirebaseAuthCombine-Community";
		};
		68E1A2FC29FB94EB0000DAEA /* FirebaseDatabase */ = {
			isa = XCSwiftPackageProductDependency;
			package = 68E1A2F729FB94EB0000DAEA /* XCRemoteSwiftPackageReference "firebase-ios-sdk" */;
			productName = FirebaseDatabase;
		};
		68E1A2FE29FB94EB0000DAEA /* FirebaseDatabaseSwift */ = {
			isa = XCSwiftPackageProductDependency;
			package = 68E1A2F729FB94EB0000DAEA /* XCRemoteSwiftPackageReference "firebase-ios-sdk" */;
			productName = FirebaseDatabaseSwift;
		};
		68E1A30029FB94EB0000DAEA /* FirebaseFirestore */ = {
			isa = XCSwiftPackageProductDependency;
			package = 68E1A2F729FB94EB0000DAEA /* XCRemoteSwiftPackageReference "firebase-ios-sdk" */;
			productName = FirebaseFirestore;
		};
		68E1A30229FB94EB0000DAEA /* FirebaseFirestoreCombine-Community */ = {
			isa = XCSwiftPackageProductDependency;
			package = 68E1A2F729FB94EB0000DAEA /* XCRemoteSwiftPackageReference "firebase-ios-sdk" */;
			productName = "FirebaseFirestoreCombine-Community";
		};
		68E1A30429FB94EB0000DAEA /* FirebaseFirestoreSwift */ = {
			isa = XCSwiftPackageProductDependency;
			package = 68E1A2F729FB94EB0000DAEA /* XCRemoteSwiftPackageReference "firebase-ios-sdk" */;
			productName = FirebaseFirestoreSwift;
		};
		68E1A30629FB94EB0000DAEA /* FirebaseStorage */ = {
			isa = XCSwiftPackageProductDependency;
			package = 68E1A2F729FB94EB0000DAEA /* XCRemoteSwiftPackageReference "firebase-ios-sdk" */;
			productName = FirebaseStorage;
		};
		68E1A30829FB94EB0000DAEA /* FirebaseStorageCombine-Community */ = {
			isa = XCSwiftPackageProductDependency;
			package = 68E1A2F729FB94EB0000DAEA /* XCRemoteSwiftPackageReference "firebase-ios-sdk" */;
			productName = "FirebaseStorageCombine-Community";
		};
/* End XCSwiftPackageProductDependency section */
	};
	rootObject = 681C496D29C715CE001AA5E7 /* Project object */;
}
